
Microsoft Visual Studio Solution File, Format Version 12.00
Project("{FAE04EC0-301F-11D3-BF4B-00C04F79EFBC}") = "Rayne", "Rayne\Rayne.csproj", "{FC81FD71-DA22-42A6-8C6B-9391334E080A}"
EndProject
Project("{FAE04EC0-301F-11D3-BF4B-00C04F79EFBC}") = "Rayne.SettingsTab", "Rayne.SettingsTab\Rayne.SettingsTab.csproj", "{8FE65A2A-683F-48EB-ABA5-75AE7267C9FF}"
EndProject
Project("{FAE04EC0-301F-11D3-BF4B-00C04F79EFBC}") = "Rayne.Example", "Rayne.Example\Rayne.Example.csproj", "{E10AA69F-D90B-4C39-A24E-12992E221191}"
EndProject
Global
	GlobalSection(SolutionConfigurationPlatforms) = preSolution
		Debug|Any CPU = Debug|Any CPU
		Release|Any CPU = Release|Any CPU
	EndGlobalSection
	GlobalSection(ProjectConfigurationPlatforms) = postSolution
		{FC81FD71-DA22-42A6-8C6B-9391334E080A}.Debug|Any CPU.ActiveCfg = Debug|Any CPU
		{FC81FD71-DA22-42A6-8C6B-9391334E080A}.Debug|Any CPU.Build.0 = Debug|Any CPU
		{FC81FD71-DA22-42A6-8C6B-9391334E080A}.Release|Any CPU.ActiveCfg = Release|Any CPU
		{FC81FD71-DA22-42A6-8C6B-9391334E080A}.Release|Any CPU.Build.0 = Release|Any CPU
		{8FE65A2A-683F-48EB-ABA5-75AE7267C9FF}.Debug|Any CPU.ActiveCfg = Debug|Any CPU
		{8FE65A2A-683F-48EB-ABA5-75AE7267C9FF}.Debug|Any CPU.Build.0 = Debug|Any CPU
		{8FE65A2A-683F-48EB-ABA5-75AE7267C9FF}.Release|Any CPU.ActiveCfg = Release|Any CPU
		{8FE65A2A-683F-48EB-ABA5-75AE7267C9FF}.Release|Any CPU.Build.0 = Release|Any CPU
		{E10AA69F-D90B-4C39-A24E-12992E221191}.Debug|Any CPU.ActiveCfg = Debug|Any CPU
		{E10AA69F-D90B-4C39-A24E-12992E221191}.Debug|Any CPU.Build.0 = Debug|Any CPU
		{E10AA69F-D90B-4C39-A24E-12992E221191}.Release|Any CPU.ActiveCfg = Release|Any CPU
		{E10AA69F-D90B-4C39-A24E-12992E221191}.Release|Any CPU.Build.0 = Release|Any CPU
	EndGlobalSection
EndGlobal
